{
  "nodes": {
    "check-flake": {
      "locked": {
        "lastModified": 1683070462,
        "narHash": "sha256-FrfgxQaMGIMGGgT1K0jbGEiXqZoIyyUR8jzuJ03Cf00=",
        "owner": "srid",
        "repo": "check-flake",
        "rev": "24ba082179435ce37085c06ffcfcac6d4c570674",
        "type": "github"
      },
      "original": {
        "owner": "srid",
        "repo": "check-flake",
        "type": "github"
      }
    },
    "flake-compat": {
      "flake": false,
      "locked": {
        "lastModified": 1696426674,
        "narHash": "sha256-kvjfFW7WAETZlt09AgDn1MrtKzP7t90Vf7vypd3OL1U=",
        "owner": "edolstra",
        "repo": "flake-compat",
        "rev": "0f9255e01c2351cc7d116c072cb317785dd33b33",
        "type": "github"
      },
      "original": {
        "owner": "edolstra",
        "repo": "flake-compat",
        "type": "github"
      }
    },
    "flake-parts": {
      "inputs": {
        "nixpkgs-lib": "nixpkgs-lib"
      },
      "locked": {
        "lastModified": 1706830856,
        "narHash": "sha256-a0NYyp+h9hlb7ddVz4LUn1vT/PLwqfrWYcHMvFB1xYg=",
        "owner": "hercules-ci",
        "repo": "flake-parts",
        "rev": "b253292d9c0a5ead9bc98c4e9a26c6312e27d69f",
        "type": "github"
      },
      "original": {
        "owner": "hercules-ci",
        "repo": "flake-parts",
        "type": "github"
      }
    },
    "flake-root": {
      "locked": {
        "lastModified": 1692742795,
        "narHash": "sha256-f+Y0YhVCIJ06LemO+3Xx00lIcqQxSKJHXT/yk1RTKxw=",
        "owner": "srid",
        "repo": "flake-root",
        "rev": "d9a70d9c7a5fd7f3258ccf48da9335e9b47c3937",
        "type": "github"
      },
      "original": {
        "owner": "srid",
        "repo": "flake-root",
        "type": "github"
      }
    },
    "haskell-flake": {
      "locked": {
        "lastModified": 1708796980,
        "narHash": "sha256-X2JLDtzBmQEbl9eFJO2HTUp3CuXAdX4NFr1wBhxqHrQ=",
        "owner": "srid",
        "repo": "haskell-flake",
        "rev": "593346d1c1388f726823dc9b1cd271df8a7218aa",
        "type": "github"
      },
      "original": {
        "owner": "srid",
        "repo": "haskell-flake",
        "type": "github"
      }
    },
    "nixpkgs": {
      "locked": {
        "lastModified": 1705175803,
        "narHash": "sha256-u+WX/r8j+jKef3IAVNWW8fznj7pn9kkaMtzjten2Qec=",
        "owner": "nixos",
        "repo": "nixpkgs",
        "rev": "2284e61bd9df081fb2d4cc162b1d6b3d9752b02d",
        "type": "github"
      },
      "original": {
        "owner": "nixos",
        "repo": "nixpkgs",
        "type": "github"
      }
    },
    "nixpkgs-lib": {
      "locked": {
        "dir": "lib",
        "lastModified": 1706550542,
        "narHash": "sha256-UcsnCG6wx++23yeER4Hg18CXWbgNpqNXcHIo5/1Y+hc=",
        "owner": "NixOS",
        "repo": "nixpkgs",
        "rev": "97b17f32362e475016f942bbdfda4a4a72a8a652",
        "type": "github"
      },
      "original": {
        "dir": "lib",
        "owner": "NixOS",
        "ref": "nixos-unstable",
        "repo": "nixpkgs",
        "type": "github"
      }
    },
    "purescript-overlay": {
      "inputs": {
        "flake-compat": "flake-compat",
        "nixpkgs": [
          "nixpkgs"
        ],
        "slimlock": "slimlock"
      },
      "locked": {
        "lastModified": 1708554905,
        "narHash": "sha256-KXXSaeOgHOE/2YCZNfvw3efe1OZkPH8T6HqziPs2/Q8=",
        "owner": "thomashoneyman",
        "repo": "purescript-overlay",
        "rev": "c7d9df1e916aa976125f4459d1bc2a480b75e43b",
        "type": "github"
      },
      "original": {
        "owner": "thomashoneyman",
        "repo": "purescript-overlay",
        "type": "github"
      }
    },
    "root": {
      "inputs": {
        "check-flake": "check-flake",
        "flake-parts": "flake-parts",
        "flake-root": "flake-root",
        "haskell-flake": "haskell-flake",
        "nixpkgs": "nixpkgs",
        "purescript-overlay": "purescript-overlay"
      }
    },
    "slimlock": {
      "inputs": {
        "nixpkgs": [
          "purescript-overlay",
          "nixpkgs"
        ]
      },
      "locked": {
        "lastModified": 1688756706,
        "narHash": "sha256-xzkkMv3neJJJ89zo3o2ojp7nFeaZc2G0fYwNXNJRFlo=",
        "owner": "thomashoneyman",
        "repo": "slimlock",
        "rev": "cf72723f59e2340d24881fd7bf61cb113b4c407c",
        "type": "github"
      },
      "original": {
        "owner": "thomashoneyman",
        "repo": "slimlock",
        "type": "github"
      }
    }
  },
  "root": "root",
  "version": 7
}
